
Microsoft Visual Studio Solution File, Format Version 12.00
# Visual Studio Version 17
VisualStudioVersion = 17.2.32616.157
MinimumVisualStudioVersion = 10.0.40219.1
Project("{FAE04EC0-301F-11D3-BF4B-00C04F79EFBC}") = "GraphQLExample5", "GraphQLExample5\GraphQLExample5.csproj", "{9E21AFE1-776C-434B-B3E6-487BF1C7D5A2}"
EndProject
Global
	GlobalSection(SolutionConfigurationPlatforms) = preSolution
		Debug|Any CPU = Debug|Any CPU
		Release|Any CPU = Release|Any CPU
	EndGlobalSection
	GlobalSection(ProjectConfigurationPlatforms) = postSolution
		{9E21AFE1-776C-434B-B3E6-487BF1C7D5A2}.Debug|Any CPU.ActiveCfg = Debug|Any CPU
		{9E21AFE1-776C-434B-B3E6-487BF1C7D5A2}.Debug|Any CPU.Build.0 = Debug|Any CPU
		{9E21AFE1-776C-434B-B3E6-487BF1C7D5A2}.Release|Any CPU.ActiveCfg = Release|Any CPU
		{9E21AFE1-776C-434B-B3E6-487BF1C7D5A2}.Release|Any CPU.Build.0 = Release|Any CPU
	EndGlobalSection
	GlobalSection(SolutionProperties) = preSolution
		HideSolutionNode = FALSE
	EndGlobalSection
	GlobalSection(ExtensibilityGlobals) = postSolution
		SolutionGuid = {8B9FDB2C-37D4-4AB3-A9B0-4EC0B2BDF224}
	EndGlobalSection
EndGlobal
